
Microsoft Visual Studio Solution File, Format Version 12.00
# Visual Studio 15
VisualStudioVersion = 15.0.26228.4
MinimumVisualStudioVersion = 10.0.40219.1
Project("{2150E333-8FDC-42A3-9474-1A3956D46DE8}") = "01-OSharp.src", "01-OSharp.src", "{BBCB967B-E6F1-4D3F-A9B3-9587E10BCD7E}"
EndProject
Project("{2150E333-8FDC-42A3-9474-1A3956D46DE8}") = "Local", "Local", "{5D0925FA-B2EE-4BB3-BE6B-F89B2F584A4D}"
EndProject
Project("{FAE04EC0-301F-11D3-BF4B-00C04F79EFBC}") = "OSharp.App.Local", "..\osharp\src\OSharp.App.Local\OSharp.App.Local.csproj", "{FAB53F03-6932-4E2B-87BE-4B818B5E85AA}"
EndProject
Project("{FAE04EC0-301F-11D3-BF4B-00C04F79EFBC}") = "OSharp.Autofac.Hangfire", "..\osharp\src\OSharp.Autofac.Hangfire\OSharp.Autofac.Hangfire.csproj", "{8BFBF42C-D5FD-46F4-8A32-DABC19455077}"
EndProject
Project("{2150E333-8FDC-42A3-9474-1A3956D46DE8}") = "Mapper", "Mapper", "{6517E69A-DB5E-4A43-ACE0-D6EADE795B31}"
EndProject
Project("{FAE04EC0-301F-11D3-BF4B-00C04F79EFBC}") = "OSharp.AutoMapper", "..\osharp\src\OSharp.AutoMapper\OSharp.AutoMapper.csproj", "{D4AB25FE-EAC2-469F-8CEA-79C5894E7FF0}"
EndProject
Project("{2150E333-8FDC-42A3-9474-1A3956D46DE8}") = "Mvc", "Mvc", "{4F2C12A7-1431-43B3-862C-5C2C98AA59CF}"
EndProject
Project("{FAE04EC0-301F-11D3-BF4B-00C04F79EFBC}") = "OSharp.Autofac.Mvc", "..\osharp\src\OSharp.Autofac.Mvc\OSharp.Autofac.Mvc.csproj", "{EC26E385-6DED-4695-9338-B7136152ABC6}"
EndProject
Project("{FAE04EC0-301F-11D3-BF4B-00C04F79EFBC}") = "OSharp.Web.Mvc", "..\osharp\src\OSharp.Web.Mvc\OSharp.Web.Mvc.csproj", "{15279347-B0D7-41F3-A955-F4C34AA1A03B}"
EndProject
Project("{2150E333-8FDC-42A3-9474-1A3956D46DE8}") = "SignalR", "SignalR", "{2F63FDC1-5118-4D28-9204-5066FCEAB249}"
EndProject
Project("{FAE04EC0-301F-11D3-BF4B-00C04F79EFBC}") = "OSharp.Autofac.SignalR", "..\osharp\src\OSharp.Autofac.SignalR\OSharp.Autofac.SignalR.csproj", "{6B7BC43B-7373-41F8-95C9-7E76FCFA3672}"
EndProject
Project("{FAE04EC0-301F-11D3-BF4B-00C04F79EFBC}") = "OSharp.Web.SignalR", "..\osharp\src\OSharp.Web.SignalR\OSharp.Web.SignalR.csproj", "{47D3569D-7FE4-4A97-99AF-8B16823F3B1F}"
EndProject
Project("{FAE04EC0-301F-11D3-BF4B-00C04F79EFBC}") = "OSharp.Web.SignalR.Client", "..\osharp\src\OSharp.Web.SignalR.Client\OSharp.Web.SignalR.Client.csproj", "{42DC902E-89CE-4CC3-BFF2-017F6B804D2D}"
EndProject
Project("{2150E333-8FDC-42A3-9474-1A3956D46DE8}") = "WebApi", "WebApi", "{545A5CFD-8FA8-4374-949E-FD24427E993E}"
EndProject
Project("{FAE04EC0-301F-11D3-BF4B-00C04F79EFBC}") = "OSharp.Autofac.WebApi", "..\osharp\src\OSharp.Autofac.WebApi\OSharp.Autofac.WebApi.csproj", "{8A4E190D-7D67-4EA4-92C7-90477608C091}"
EndProject
Project("{FAE04EC0-301F-11D3-BF4B-00C04F79EFBC}") = "OSharp.Web.WebApi", "..\osharp\src\OSharp.Web.WebApi\OSharp.Web.WebApi.csproj", "{FA06BC09-11B9-4FBD-81CD-24075ED1EC57}"
EndProject
Project("{FAE04EC0-301F-11D3-BF4B-00C04F79EFBC}") = "OSharp.Core", "..\osharp\src\OSharp.Core\OSharp.Core.csproj", "{F7C67C95-FACB-4160-9A88-CB738E65E034}"
EndProject
Project("{FAE04EC0-301F-11D3-BF4B-00C04F79EFBC}") = "OSharp.Data.Entity", "..\osharp\src\OSharp.Data.Entity\OSharp.Data.Entity.csproj", "{D58A373C-1A9C-4BF7-833D-427E4AEF8502}"
EndProject
Project("{FAE04EC0-301F-11D3-BF4B-00C04F79EFBC}") = "OSharp.Data.Entity.MySql", "..\osharp\src\OSharp.Data.Entity.MySql\OSharp.Data.Entity.MySql.csproj", "{EF0FECD8-4A75-4D0E-8D98-1AF4218D2618}"
EndProject
Project("{FAE04EC0-301F-11D3-BF4B-00C04F79EFBC}") = "OSharp.Logging.Log4Net", "..\osharp\src\OSharp.Logging.Log4Net\OSharp.Logging.Log4Net.csproj", "{6312040F-2467-4479-A764-46F687DBA66B}"
EndProject
Project("{FAE04EC0-301F-11D3-BF4B-00C04F79EFBC}") = "OSharp.Permissions", "..\osharp\src\OSharp.Permissions\OSharp.Permissions.csproj", "{E34D7585-25DA-4622-9019-89DBC766AD67}"
EndProject
Project("{FAE04EC0-301F-11D3-BF4B-00C04F79EFBC}") = "OSharp.Permissions.OAuth", "..\osharp\src\OSharp.Permissions.OAuth\OSharp.Permissions.OAuth.csproj", "{85C8D5B7-1692-434C-AFCD-01940930F6C5}"
EndProject
Project("{FAE04EC0-301F-11D3-BF4B-00C04F79EFBC}") = "OSharp.Permissions.OAuth.Client", "..\osharp\src\OSharp.Permissions.OAuth.Client\OSharp.Permissions.OAuth.Client.csproj", "{15F1E2CE-C9ED-463D-B842-3B8FA922F8C6}"
EndProject
Project("{FAE04EC0-301F-11D3-BF4B-00C04F79EFBC}") = "OSharp.Redis", "..\osharp\src\OSharp.Redis\OSharp.Redis.csproj", "{9C2217D9-6890-49EF-9593-C1D20BBC204D}"
EndProject
Project("{FAE04EC0-301F-11D3-BF4B-00C04F79EFBC}") = "OSharp.Utility", "..\osharp\src\OSharp.Utility\OSharp.Utility.csproj", "{946E0A0A-8280-46B3-893E-1B00A554CCAB}"
EndProject
Project("{FAE04EC0-301F-11D3-BF4B-00C04F79EFBC}") = "OSharp.Web.Client", "..\osharp\src\OSharp.Web.Client\OSharp.Web.Client.csproj", "{34320480-00D5-4399-B4B1-25BF7B297EAB}"
EndProject
Project("{9A19103F-16F7-4668-BE54-9A1E7A4F7556}") = "TG.UBP.Application.Service", "src\TG.UBP.Application\TG.UBP.Application.Service.csproj", "{86C5799C-8ABA-45D8-80A2-3EAB78F9B1C4}"
EndProject
Project("{FAE04EC0-301F-11D3-BF4B-00C04F79EFBC}") = "TG.UBP.Web", "src\TG.UBP.Web\TG.UBP.Web.csproj", "{8B3A3FF0-C49C-43B4-BB0F-9676FEE29CE6}"
EndProject
Project("{9A19103F-16F7-4668-BE54-9A1E7A4F7556}") = "TG.UBP.Core.EntityConfiguration.Oracle", "src\TG.UBP.Core.EntityConfiguration.Oracle\TG.UBP.Core.EntityConfiguration.Oracle.csproj", "{E6C3C91B-B9E9-4A58-A551-3DF744BA3C9B}"
EndProject
Project("{2150E333-8FDC-42A3-9474-1A3956D46DE8}") = "00-Doc", "00-Doc", "{875F01A8-DA9A-4375-83B8-33CCE8DD8EB5}"
	ProjectSection(SolutionItems) = preProject
		doc\OSharp.Demo.Web.Startup.Configuration.xmind = doc\OSharp.Demo.Web.Startup.Configuration.xmind
	EndProjectSection
EndProject
Project("{9A19103F-16F7-4668-BE54-9A1E7A4F7556}") = "TG.UBP.EntityFramework.Oracle", "src\TG.UBP.EntityFramework.Oracle\TG.UBP.EntityFramework.Oracle.csproj", "{886756E6-7B18-43C0-B2EC-408775E4D987}"
EndProject
Project("{9A19103F-16F7-4668-BE54-9A1E7A4F7556}") = "TG.UBP.Core.Entity", "src\TG.UBP.Core.Entity\TG.UBP.Core.Entity.csproj", "{782CCF71-B17E-4AE2-B355-9B68C0C01D57}"
EndProject
Project("{FAE04EC0-301F-11D3-BF4B-00C04F79EFBC}") = "TG.UBP.Core.Service", "src\TG.UBP.Core.Service\TG.UBP.Core.Service.csproj", "{92DEBE2D-4935-47C3-B67E-91D6989C5FC3}"
EndProject
Project("{2150E333-8FDC-42A3-9474-1A3956D46DE8}") = "03-TG.UBP.Core（领域层）", "03-TG.UBP.Core（领域层）", "{5458A3AF-4010-4528-AD63-0D0814DCA2C3}"
	ProjectSection(SolutionItems) = preProject
		src\TG.UBP.Core.Entity\README.md = src\TG.UBP.Core.Entity\README.md
	EndProjectSection
EndProject
Project("{FAE04EC0-301F-11D3-BF4B-00C04F79EFBC}") = "TG.UBP.Core.EntityConfiguration.SqlServer", "src\TG.UBP.Core.EntityConfiguration.SqlServer\TG.UBP.Core.EntityConfiguration.SqlServer.csproj", "{81103D5E-0333-466D-BDBD-721684E6F163}"
EndProject
Project("{2150E333-8FDC-42A3-9474-1A3956D46DE8}") = "02-基础设施层", "02-基础设施层", "{C2444D34-2176-4408-AB95-B99F603AFFC9}"
EndProject
Project("{2150E333-8FDC-42A3-9474-1A3956D46DE8}") = "04-TG.UBP.Application（应用层）", "04-TG.UBP.Application（应用层）", "{3CFDDB73-0BE2-48C5-900A-6C2C671E2808}"
EndProject
Project("{2150E333-8FDC-42A3-9474-1A3956D46DE8}") = "05-TG.UBP.Web（展现层）", "05-TG.UBP.Web（展现层）", "{5885A5C4-ED3E-47A8-BA54-31446C60C5B0}"
EndProject
Project("{FAE04EC0-301F-11D3-BF4B-00C04F79EFBC}") = "TG.UBP.Application.Dto", "src\TG.UBP.Application.Dto\TG.UBP.Application.Dto.csproj", "{DA219912-59A0-4626-81E0-43E65F950425}"
EndProject
Global
	GlobalSection(SolutionConfigurationPlatforms) = preSolution
		Debug|Any CPU = Debug|Any CPU
		Release|Any CPU = Release|Any CPU
	EndGlobalSection
	GlobalSection(ProjectConfigurationPlatforms) = postSolution
		{FAB53F03-6932-4E2B-87BE-4B818B5E85AA}.Debug|Any CPU.ActiveCfg = Debug|Any CPU
		{FAB53F03-6932-4E2B-87BE-4B818B5E85AA}.Debug|Any CPU.Build.0 = Debug|Any CPU
		{FAB53F03-6932-4E2B-87BE-4B818B5E85AA}.Release|Any CPU.ActiveCfg = Release|Any CPU
		{FAB53F03-6932-4E2B-87BE-4B818B5E85AA}.Release|Any CPU.Build.0 = Release|Any CPU
		{8BFBF42C-D5FD-46F4-8A32-DABC19455077}.Debug|Any CPU.ActiveCfg = Debug|Any CPU
		{8BFBF42C-D5FD-46F4-8A32-DABC19455077}.Debug|Any CPU.Build.0 = Debug|Any CPU
		{8BFBF42C-D5FD-46F4-8A32-DABC19455077}.Release|Any CPU.ActiveCfg = Release|Any CPU
		{8BFBF42C-D5FD-46F4-8A32-DABC19455077}.Release|Any CPU.Build.0 = Release|Any CPU
		{D4AB25FE-EAC2-469F-8CEA-79C5894E7FF0}.Debug|Any CPU.ActiveCfg = Debug|Any CPU
		{D4AB25FE-EAC2-469F-8CEA-79C5894E7FF0}.Debug|Any CPU.Build.0 = Debug|Any CPU
		{D4AB25FE-EAC2-469F-8CEA-79C5894E7FF0}.Release|Any CPU.ActiveCfg = Release|Any CPU
		{D4AB25FE-EAC2-469F-8CEA-79C5894E7FF0}.Release|Any CPU.Build.0 = Release|Any CPU
		{EC26E385-6DED-4695-9338-B7136152ABC6}.Debug|Any CPU.ActiveCfg = Debug|Any CPU
		{EC26E385-6DED-4695-9338-B7136152ABC6}.Debug|Any CPU.Build.0 = Debug|Any CPU
		{EC26E385-6DED-4695-9338-B7136152ABC6}.Release|Any CPU.ActiveCfg = Release|Any CPU
		{EC26E385-6DED-4695-9338-B7136152ABC6}.Release|Any CPU.Build.0 = Release|Any CPU
		{15279347-B0D7-41F3-A955-F4C34AA1A03B}.Debug|Any CPU.ActiveCfg = Debug|Any CPU
		{15279347-B0D7-41F3-A955-F4C34AA1A03B}.Debug|Any CPU.Build.0 = Debug|Any CPU
		{15279347-B0D7-41F3-A955-F4C34AA1A03B}.Release|Any CPU.ActiveCfg = Release|Any CPU
		{15279347-B0D7-41F3-A955-F4C34AA1A03B}.Release|Any CPU.Build.0 = Release|Any CPU
		{6B7BC43B-7373-41F8-95C9-7E76FCFA3672}.Debug|Any CPU.ActiveCfg = Debug|Any CPU
		{6B7BC43B-7373-41F8-95C9-7E76FCFA3672}.Debug|Any CPU.Build.0 = Debug|Any CPU
		{6B7BC43B-7373-41F8-95C9-7E76FCFA3672}.Release|Any CPU.ActiveCfg = Release|Any CPU
		{6B7BC43B-7373-41F8-95C9-7E76FCFA3672}.Release|Any CPU.Build.0 = Release|Any CPU
		{47D3569D-7FE4-4A97-99AF-8B16823F3B1F}.Debug|Any CPU.ActiveCfg = Debug|Any CPU
		{47D3569D-7FE4-4A97-99AF-8B16823F3B1F}.Debug|Any CPU.Build.0 = Debug|Any CPU
		{47D3569D-7FE4-4A97-99AF-8B16823F3B1F}.Release|Any CPU.ActiveCfg = Release|Any CPU
		{47D3569D-7FE4-4A97-99AF-8B16823F3B1F}.Release|Any CPU.Build.0 = Release|Any CPU
		{42DC902E-89CE-4CC3-BFF2-017F6B804D2D}.Debug|Any CPU.ActiveCfg = Debug|Any CPU
		{42DC902E-89CE-4CC3-BFF2-017F6B804D2D}.Debug|Any CPU.Build.0 = Debug|Any CPU
		{42DC902E-89CE-4CC3-BFF2-017F6B804D2D}.Release|Any CPU.ActiveCfg = Release|Any CPU
		{42DC902E-89CE-4CC3-BFF2-017F6B804D2D}.Release|Any CPU.Build.0 = Release|Any CPU
		{8A4E190D-7D67-4EA4-92C7-90477608C091}.Debug|Any CPU.ActiveCfg = Debug|Any CPU
		{8A4E190D-7D67-4EA4-92C7-90477608C091}.Debug|Any CPU.Build.0 = Debug|Any CPU
		{8A4E190D-7D67-4EA4-92C7-90477608C091}.Release|Any CPU.ActiveCfg = Release|Any CPU
		{8A4E190D-7D67-4EA4-92C7-90477608C091}.Release|Any CPU.Build.0 = Release|Any CPU
		{FA06BC09-11B9-4FBD-81CD-24075ED1EC57}.Debug|Any CPU.ActiveCfg = Debug|Any CPU
		{FA06BC09-11B9-4FBD-81CD-24075ED1EC57}.Debug|Any CPU.Build.0 = Debug|Any CPU
		{FA06BC09-11B9-4FBD-81CD-24075ED1EC57}.Release|Any CPU.ActiveCfg = Release|Any CPU
		{FA06BC09-11B9-4FBD-81CD-24075ED1EC57}.Release|Any CPU.Build.0 = Release|Any CPU
		{F7C67C95-FACB-4160-9A88-CB738E65E034}.Debug|Any CPU.ActiveCfg = Debug|Any CPU
		{F7C67C95-FACB-4160-9A88-CB738E65E034}.Debug|Any CPU.Build.0 = Debug|Any CPU
		{F7C67C95-FACB-4160-9A88-CB738E65E034}.Release|Any CPU.ActiveCfg = Release|Any CPU
		{F7C67C95-FACB-4160-9A88-CB738E65E034}.Release|Any CPU.Build.0 = Release|Any CPU
		{D58A373C-1A9C-4BF7-833D-427E4AEF8502}.Debug|Any CPU.ActiveCfg = Debug|Any CPU
		{D58A373C-1A9C-4BF7-833D-427E4AEF8502}.Debug|Any CPU.Build.0 = Debug|Any CPU
		{D58A373C-1A9C-4BF7-833D-427E4AEF8502}.Release|Any CPU.ActiveCfg = Release|Any CPU
		{D58A373C-1A9C-4BF7-833D-427E4AEF8502}.Release|Any CPU.Build.0 = Release|Any CPU
		{EF0FECD8-4A75-4D0E-8D98-1AF4218D2618}.Debug|Any CPU.ActiveCfg = Debug|Any CPU
		{EF0FECD8-4A75-4D0E-8D98-1AF4218D2618}.Debug|Any CPU.Build.0 = Debug|Any CPU
		{EF0FECD8-4A75-4D0E-8D98-1AF4218D2618}.Release|Any CPU.ActiveCfg = Release|Any CPU
		{EF0FECD8-4A75-4D0E-8D98-1AF4218D2618}.Release|Any CPU.Build.0 = Release|Any CPU
		{6312040F-2467-4479-A764-46F687DBA66B}.Debug|Any CPU.ActiveCfg = Debug|Any CPU
		{6312040F-2467-4479-A764-46F687DBA66B}.Debug|Any CPU.Build.0 = Debug|Any CPU
		{6312040F-2467-4479-A764-46F687DBA66B}.Release|Any CPU.ActiveCfg = Release|Any CPU
		{6312040F-2467-4479-A764-46F687DBA66B}.Release|Any CPU.Build.0 = Release|Any CPU
		{E34D7585-25DA-4622-9019-89DBC766AD67}.Debug|Any CPU.ActiveCfg = Debug|Any CPU
		{E34D7585-25DA-4622-9019-89DBC766AD67}.Debug|Any CPU.Build.0 = Debug|Any CPU
		{E34D7585-25DA-4622-9019-89DBC766AD67}.Release|Any CPU.ActiveCfg = Release|Any CPU
		{E34D7585-25DA-4622-9019-89DBC766AD67}.Release|Any CPU.Build.0 = Release|Any CPU
		{85C8D5B7-1692-434C-AFCD-01940930F6C5}.Debug|Any CPU.ActiveCfg = Debug|Any CPU
		{85C8D5B7-1692-434C-AFCD-01940930F6C5}.Debug|Any CPU.Build.0 = Debug|Any CPU
		{85C8D5B7-1692-434C-AFCD-01940930F6C5}.Release|Any CPU.ActiveCfg = Release|Any CPU
		{85C8D5B7-1692-434C-AFCD-01940930F6C5}.Release|Any CPU.Build.0 = Release|Any CPU
		{15F1E2CE-C9ED-463D-B842-3B8FA922F8C6}.Debug|Any CPU.ActiveCfg = Debug|Any CPU
		{15F1E2CE-C9ED-463D-B842-3B8FA922F8C6}.Debug|Any CPU.Build.0 = Debug|Any CPU
		{15F1E2CE-C9ED-463D-B842-3B8FA922F8C6}.Release|Any CPU.ActiveCfg = Release|Any CPU
		{15F1E2CE-C9ED-463D-B842-3B8FA922F8C6}.Release|Any CPU.Build.0 = Release|Any CPU
		{9C2217D9-6890-49EF-9593-C1D20BBC204D}.Debug|Any CPU.ActiveCfg = Debug|Any CPU
		{9C2217D9-6890-49EF-9593-C1D20BBC204D}.Debug|Any CPU.Build.0 = Debug|Any CPU
		{9C2217D9-6890-49EF-9593-C1D20BBC204D}.Release|Any CPU.ActiveCfg = Release|Any CPU
		{9C2217D9-6890-49EF-9593-C1D20BBC204D}.Release|Any CPU.Build.0 = Release|Any CPU
		{946E0A0A-8280-46B3-893E-1B00A554CCAB}.Debug|Any CPU.ActiveCfg = Debug|Any CPU
		{946E0A0A-8280-46B3-893E-1B00A554CCAB}.Debug|Any CPU.Build.0 = Debug|Any CPU
		{946E0A0A-8280-46B3-893E-1B00A554CCAB}.Release|Any CPU.ActiveCfg = Release|Any CPU
		{946E0A0A-8280-46B3-893E-1B00A554CCAB}.Release|Any CPU.Build.0 = Release|Any CPU
		{34320480-00D5-4399-B4B1-25BF7B297EAB}.Debug|Any CPU.ActiveCfg = Debug|Any CPU
		{34320480-00D5-4399-B4B1-25BF7B297EAB}.Debug|Any CPU.Build.0 = Debug|Any CPU
		{34320480-00D5-4399-B4B1-25BF7B297EAB}.Release|Any CPU.ActiveCfg = Release|Any CPU
		{34320480-00D5-4399-B4B1-25BF7B297EAB}.Release|Any CPU.Build.0 = Release|Any CPU
		{86C5799C-8ABA-45D8-80A2-3EAB78F9B1C4}.Debug|Any CPU.ActiveCfg = Debug|Any CPU
		{86C5799C-8ABA-45D8-80A2-3EAB78F9B1C4}.Debug|Any CPU.Build.0 = Debug|Any CPU
		{86C5799C-8ABA-45D8-80A2-3EAB78F9B1C4}.Release|Any CPU.ActiveCfg = Release|Any CPU
		{86C5799C-8ABA-45D8-80A2-3EAB78F9B1C4}.Release|Any CPU.Build.0 = Release|Any CPU
		{8B3A3FF0-C49C-43B4-BB0F-9676FEE29CE6}.Debug|Any CPU.ActiveCfg = Debug|Any CPU
		{8B3A3FF0-C49C-43B4-BB0F-9676FEE29CE6}.Debug|Any CPU.Build.0 = Debug|Any CPU
		{8B3A3FF0-C49C-43B4-BB0F-9676FEE29CE6}.Release|Any CPU.ActiveCfg = Release|Any CPU
		{8B3A3FF0-C49C-43B4-BB0F-9676FEE29CE6}.Release|Any CPU.Build.0 = Release|Any CPU
		{E6C3C91B-B9E9-4A58-A551-3DF744BA3C9B}.Debug|Any CPU.ActiveCfg = Debug|Any CPU
		{E6C3C91B-B9E9-4A58-A551-3DF744BA3C9B}.Debug|Any CPU.Build.0 = Debug|Any CPU
		{E6C3C91B-B9E9-4A58-A551-3DF744BA3C9B}.Release|Any CPU.ActiveCfg = Release|Any CPU
		{E6C3C91B-B9E9-4A58-A551-3DF744BA3C9B}.Release|Any CPU.Build.0 = Release|Any CPU
		{886756E6-7B18-43C0-B2EC-408775E4D987}.Debug|Any CPU.ActiveCfg = Debug|Any CPU
		{886756E6-7B18-43C0-B2EC-408775E4D987}.Debug|Any CPU.Build.0 = Debug|Any CPU
		{886756E6-7B18-43C0-B2EC-408775E4D987}.Release|Any CPU.ActiveCfg = Release|Any CPU
		{886756E6-7B18-43C0-B2EC-408775E4D987}.Release|Any CPU.Build.0 = Release|Any CPU
		{782CCF71-B17E-4AE2-B355-9B68C0C01D57}.Debug|Any CPU.ActiveCfg = Debug|Any CPU
		{782CCF71-B17E-4AE2-B355-9B68C0C01D57}.Debug|Any CPU.Build.0 = Debug|Any CPU
		{782CCF71-B17E-4AE2-B355-9B68C0C01D57}.Release|Any CPU.ActiveCfg = Release|Any CPU
		{782CCF71-B17E-4AE2-B355-9B68C0C01D57}.Release|Any CPU.Build.0 = Release|Any CPU
		{92DEBE2D-4935-47C3-B67E-91D6989C5FC3}.Debug|Any CPU.ActiveCfg = Debug|Any CPU
		{92DEBE2D-4935-47C3-B67E-91D6989C5FC3}.Debug|Any CPU.Build.0 = Debug|Any CPU
		{92DEBE2D-4935-47C3-B67E-91D6989C5FC3}.Release|Any CPU.ActiveCfg = Release|Any CPU
		{92DEBE2D-4935-47C3-B67E-91D6989C5FC3}.Release|Any CPU.Build.0 = Release|Any CPU
		{81103D5E-0333-466D-BDBD-721684E6F163}.Debug|Any CPU.ActiveCfg = Debug|Any CPU
		{81103D5E-0333-466D-BDBD-721684E6F163}.Debug|Any CPU.Build.0 = Debug|Any CPU
		{81103D5E-0333-466D-BDBD-721684E6F163}.Release|Any CPU.ActiveCfg = Release|Any CPU
		{81103D5E-0333-466D-BDBD-721684E6F163}.Release|Any CPU.Build.0 = Release|Any CPU
		{DA219912-59A0-4626-81E0-43E65F950425}.Debug|Any CPU.ActiveCfg = Debug|Any CPU
		{DA219912-59A0-4626-81E0-43E65F950425}.Debug|Any CPU.Build.0 = Debug|Any CPU
		{DA219912-59A0-4626-81E0-43E65F950425}.Release|Any CPU.ActiveCfg = Release|Any CPU
		{DA219912-59A0-4626-81E0-43E65F950425}.Release|Any CPU.Build.0 = Release|Any CPU
	EndGlobalSection
	GlobalSection(SolutionProperties) = preSolution
		HideSolutionNode = FALSE
	EndGlobalSection
	GlobalSection(NestedProjects) = preSolution
		{5D0925FA-B2EE-4BB3-BE6B-F89B2F584A4D} = {BBCB967B-E6F1-4D3F-A9B3-9587E10BCD7E}
		{FAB53F03-6932-4E2B-87BE-4B818B5E85AA} = {5D0925FA-B2EE-4BB3-BE6B-F89B2F584A4D}
		{8BFBF42C-D5FD-46F4-8A32-DABC19455077} = {5D0925FA-B2EE-4BB3-BE6B-F89B2F584A4D}
		{6517E69A-DB5E-4A43-ACE0-D6EADE795B31} = {BBCB967B-E6F1-4D3F-A9B3-9587E10BCD7E}
		{D4AB25FE-EAC2-469F-8CEA-79C5894E7FF0} = {6517E69A-DB5E-4A43-ACE0-D6EADE795B31}
		{4F2C12A7-1431-43B3-862C-5C2C98AA59CF} = {BBCB967B-E6F1-4D3F-A9B3-9587E10BCD7E}
		{EC26E385-6DED-4695-9338-B7136152ABC6} = {4F2C12A7-1431-43B3-862C-5C2C98AA59CF}
		{15279347-B0D7-41F3-A955-F4C34AA1A03B} = {4F2C12A7-1431-43B3-862C-5C2C98AA59CF}
		{2F63FDC1-5118-4D28-9204-5066FCEAB249} = {BBCB967B-E6F1-4D3F-A9B3-9587E10BCD7E}
		{6B7BC43B-7373-41F8-95C9-7E76FCFA3672} = {2F63FDC1-5118-4D28-9204-5066FCEAB249}
		{47D3569D-7FE4-4A97-99AF-8B16823F3B1F} = {2F63FDC1-5118-4D28-9204-5066FCEAB249}
		{42DC902E-89CE-4CC3-BFF2-017F6B804D2D} = {2F63FDC1-5118-4D28-9204-5066FCEAB249}
		{545A5CFD-8FA8-4374-949E-FD24427E993E} = {BBCB967B-E6F1-4D3F-A9B3-9587E10BCD7E}
		{8A4E190D-7D67-4EA4-92C7-90477608C091} = {545A5CFD-8FA8-4374-949E-FD24427E993E}
		{FA06BC09-11B9-4FBD-81CD-24075ED1EC57} = {545A5CFD-8FA8-4374-949E-FD24427E993E}
		{F7C67C95-FACB-4160-9A88-CB738E65E034} = {BBCB967B-E6F1-4D3F-A9B3-9587E10BCD7E}
		{D58A373C-1A9C-4BF7-833D-427E4AEF8502} = {BBCB967B-E6F1-4D3F-A9B3-9587E10BCD7E}
		{EF0FECD8-4A75-4D0E-8D98-1AF4218D2618} = {BBCB967B-E6F1-4D3F-A9B3-9587E10BCD7E}
		{6312040F-2467-4479-A764-46F687DBA66B} = {BBCB967B-E6F1-4D3F-A9B3-9587E10BCD7E}
		{E34D7585-25DA-4622-9019-89DBC766AD67} = {BBCB967B-E6F1-4D3F-A9B3-9587E10BCD7E}
		{85C8D5B7-1692-434C-AFCD-01940930F6C5} = {BBCB967B-E6F1-4D3F-A9B3-9587E10BCD7E}
		{15F1E2CE-C9ED-463D-B842-3B8FA922F8C6} = {BBCB967B-E6F1-4D3F-A9B3-9587E10BCD7E}
		{9C2217D9-6890-49EF-9593-C1D20BBC204D} = {BBCB967B-E6F1-4D3F-A9B3-9587E10BCD7E}
		{946E0A0A-8280-46B3-893E-1B00A554CCAB} = {BBCB967B-E6F1-4D3F-A9B3-9587E10BCD7E}
		{34320480-00D5-4399-B4B1-25BF7B297EAB} = {BBCB967B-E6F1-4D3F-A9B3-9587E10BCD7E}
		{86C5799C-8ABA-45D8-80A2-3EAB78F9B1C4} = {3CFDDB73-0BE2-48C5-900A-6C2C671E2808}
		{8B3A3FF0-C49C-43B4-BB0F-9676FEE29CE6} = {5885A5C4-ED3E-47A8-BA54-31446C60C5B0}
		{E6C3C91B-B9E9-4A58-A551-3DF744BA3C9B} = {5458A3AF-4010-4528-AD63-0D0814DCA2C3}
		{886756E6-7B18-43C0-B2EC-408775E4D987} = {C2444D34-2176-4408-AB95-B99F603AFFC9}
		{782CCF71-B17E-4AE2-B355-9B68C0C01D57} = {5458A3AF-4010-4528-AD63-0D0814DCA2C3}
		{92DEBE2D-4935-47C3-B67E-91D6989C5FC3} = {5458A3AF-4010-4528-AD63-0D0814DCA2C3}
		{81103D5E-0333-466D-BDBD-721684E6F163} = {5458A3AF-4010-4528-AD63-0D0814DCA2C3}
		{DA219912-59A0-4626-81E0-43E65F950425} = {3CFDDB73-0BE2-48C5-900A-6C2C671E2808}
	EndGlobalSection
EndGlobal
